// !$*UTF8*$!
{
	archiveVersion = 1;
	classes = {
	};
	objectVersion = 77;
	objects = {

/* Begin PBXContainerItemProxy section */
		C306BCEF2E34AD23008F4F99 /* PBXContainerItemProxy */ = {
			isa = PBXContainerItemProxy;
			containerPortal = C306BCD92E34AD1F008F4F99 /* Project object */;
			proxyType = 1;
			remoteGlobalIDString = C306BCE02E34AD1F008F4F99;
			remoteInfo = earnit;
		};
		C306BCF92E34AD23008F4F99 /* PBXContainerItemProxy */ = {
			isa = PBXContainerItemProxy;
			containerPortal = C306BCD92E34AD1F008F4F99 /* Project object */;
			proxyType = 1;
			remoteGlobalIDString = C306BCE02E34AD1F008F4F99;
			remoteInfo = earnit;
		};
		C306BD102E34AD24008F4F99 /* PBXContainerItemProxy */ = {
			isa = PBXContainerItemProxy;
			containerPortal = C306BCD92E34AD1F008F4F99 /* Project object */;
			proxyType = 1;
			remoteGlobalIDString = C306BD0E2E34AD24008F4F99;
			remoteInfo = DeviceActivityMonitorExtension;
		};
/* End PBXContainerItemProxy section */

/* Begin PBXFileReference section */
		C306BCE12E34AD1F008F4F99 /* earnit.app */ = {isa = PBXFileReference; explicitFileType = wrapper.application; includeInIndex = 0; path = earnit.app; sourceTree = BUILT_PRODUCTS_DIR; };
		C306BCEE2E34AD23008F4F99 /* earnitTests.xctest */ = {isa = PBXFileReference; explicitFileType = wrapper.cfbundle; includeInIndex = 0; path = earnitTests.xctest; sourceTree = BUILT_PRODUCTS_DIR; };
		C306BCF82E34AD23008F4F99 /* earnitUITests.xctest */ = {isa = PBXFileReference; explicitFileType = wrapper.cfbundle; includeInIndex = 0; path = earnitUITests.xctest; sourceTree = BUILT_PRODUCTS_DIR; };
		C306BD0F2E34AD24008F4F99 /* DeviceActivityMonitorExtension.appex */ = {isa = PBXFileReference; explicitFileType = "wrapper.app-extension"; includeInIndex = 0; path = DeviceActivityMonitorExtension.appex; sourceTree = BUILT_PRODUCTS_DIR; };
/* End PBXFileReference section */

/* Begin PBXFileSystemSynchronizedBuildFileExceptionSet section */
		C306BD162E34AD24008F4F99 /* Exceptions for "DeviceActivityMonitorExtension" folder in "DeviceActivityMonitorExtension" target */ = {
			isa = PBXFileSystemSynchronizedBuildFileExceptionSet;
			membershipExceptions = (
				Info.plist,
			);
			target = C306BD0E2E34AD24008F4F99 /* DeviceActivityMonitorExtension */;
		};
		C306EAA82E89BE8000F84B16 /* Exceptions for "earnit" folder in "earnit" target */ = {
			isa = PBXFileSystemSynchronizedBuildFileExceptionSet;
			membershipExceptions = (
				Info.plist,
			);
			target = C306BCE02E34AD1F008F4F99 /* earnit */;
		};
/* End PBXFileSystemSynchronizedBuildFileExceptionSet section */

/* Begin PBXFileSystemSynchronizedRootGroup section */
		C306BCE32E34AD1F008F4F99 /* earnit */ = {
			isa = PBXFileSystemSynchronizedRootGroup;
			exceptions = (
				C306EAA82E89BE8000F84B16 /* Exceptions for "earnit" folder in "earnit" target */,
			);
			path = earnit;
			sourceTree = "<group>";
		};
		C306BCF12E34AD23008F4F99 /* earnitTests */ = {
			isa = PBXFileSystemSynchronizedRootGroup;
			path = earnitTests;
			sourceTree = "<group>";
		};
		C306BCFB2E34AD23008F4F99 /* earnitUITests */ = {
			isa = PBXFileSystemSynchronizedRootGroup;
			path = earnitUITests;
			sourceTree = "<group>";
		};
		C306BD122E34AD24008F4F99 /* DeviceActivityMonitorExtension */ = {
			isa = PBXFileSystemSynchronizedRootGroup;
			exceptions = (
				C306BD162E34AD24008F4F99 /* Exceptions for "DeviceActivityMonitorExtension" folder in "DeviceActivityMonitorExtension" target */,
			);
			path = DeviceActivityMonitorExtension;
			sourceTree = "<group>";
		};
/* End PBXFileSystemSynchronizedRootGroup section */

/* Begin PBXFrameworksBuildPhase section */
		C306BCDE2E34AD1F008F4F99 /* Frameworks */ = {
			isa = PBXFrameworksBuildPhase;
			buildActionMask = 2147483647;
			files = (
			);
			runOnlyForDeploymentPostprocessing = 0;
		};
		C306BCEB2E34AD23008F4F99 /* Frameworks */ = {
			isa = PBXFrameworksBuildPhase;
			buildActionMask = 2147483647;
			files = (
			);
			runOnlyForDeploymentPostprocessing = 0;
		};
		C306BCF52E34AD23008F4F99 /* Frameworks */ = {
			isa = PBXFrameworksBuildPhase;
			buildActionMask = 2147483647;
			files = (
			);
			runOnlyForDeploymentPostprocessing = 0;
		};
		C306BD0C2E34AD24008F4F99 /* Frameworks */ = {
			isa = PBXFrameworksBuildPhase;
			buildActionMask = 2147483647;
			files = (
			);
			runOnlyForDeploymentPostprocessing = 0;
		};
/* End PBXFrameworksBuildPhase section */

/* Begin PBXGroup section */
		C306BCD82E34AD1F008F4F99 = {
			isa = PBXGroup;
			children = (
				C306BCE32E34AD1F008F4F99 /* earnit */,
				C306BD122E34AD24008F4F99 /* DeviceActivityMonitorExtension */,
				C306BCF12E34AD23008F4F99 /* earnitTests */,
				C306BCFB2E34AD23008F4F99 /* earnitUITests */,
				C306BCE22E34AD1F008F4F99 /* Products */,
			);
			sourceTree = "<group>";
		};
		C306BCE22E34AD1F008F4F99 /* Products */ = {
			isa = PBXGroup;
			children = (
				C306BCE12E34AD1F008F4F99 /* earnit.app */,
				C306BD0F2E34AD24008F4F99 /* DeviceActivityMonitorExtension.appex */,
				C306BCEE2E34AD23008F4F99 /* earnitTests.xctest */,
				C306BCF82E34AD23008F4F99 /* earnitUITests.xctest */,
			);
			name = Products;
			sourceTree = "<group>";
		};
/* End PBXGroup section */

/* Begin PBXNativeTarget section */
		C306BCE02E34AD1F008F4F99 /* earnit */ = {
			isa = PBXNativeTarget;
			buildConfigurationList = C306BD022E34AD23008F4F99 /* Build configuration list for PBXNativeTarget "earnit" */;
			buildPhases = (
				C306BCDD2E34AD1F008F4F99 /* Sources */,
				C306BCDE2E34AD1F008F4F99 /* Frameworks */,
				C306BCDF2E34AD1F008F4F99 /* Resources */,
			);
			buildRules = (
			);
			dependencies = (
				C306BD112E34AD24008F4F99 /* PBXTargetDependency */,
			);
			fileSystemSynchronizedGroups = (
				C306BCE32E34AD1F008F4F99 /* earnit */,
			);
			name = earnit;
			packageProductDependencies = (
			);
			productName = earnit;
			productReference = C306BCE12E34AD1F008F4F99 /* earnit.app */;
			productType = "com.apple.product-type.application";
		};
		C306BCED2E34AD23008F4F99 /* earnitTests */ = {
			isa = PBXNativeTarget;
			buildConfigurationList = C306BD052E34AD23008F4F99 /* Build configuration list for PBXNativeTarget "earnitTests" */;
			buildPhases = (
				C306BCEA2E34AD23008F4F99 /* Sources */,
				C306BCEB2E34AD23008F4F99 /* Frameworks */,
				C306BCEC2E34AD23008F4F99 /* Resources */,
			);
			buildRules = (
			);
			dependencies = (
				C306BCF02E34AD23008F4F99 /* PBXTargetDependency */,
			);
			fileSystemSynchronizedGroups = (
				C306BCF12E34AD23008F4F99 /* earnitTests */,
			);
			name = earnitTests;
			packageProductDependencies = (
			);
			productName = earnitTests;
			productReference = C306BCEE2E34AD23008F4F99 /* earnitTests.xctest */;
			productType = "com.apple.product-type.bundle.unit-test";
		};
		C306BCF72E34AD23008F4F99 /* earnitUITests */ = {
			isa = PBXNativeTarget;
			buildConfigurationList = C306BD082E34AD23008F4F99 /* Build configuration list for PBXNativeTarget "earnitUITests" */;
			buildPhases = (
				C306BCF42E34AD23008F4F99 /* Sources */,
				C306BCF52E34AD23008F4F99 /* Frameworks */,
				C306BCF62E34AD23008F4F99 /* Resources */,
			);
			buildRules = (
			);
			dependencies = (
				C306BCFA2E34AD23008F4F99 /* PBXTargetDependency */,
			);
			fileSystemSynchronizedGroups = (
				C306BCFB2E34AD23008F4F99 /* earnitUITests */,
			);
			name = earnitUITests;
			packageProductDependencies = (
			);
			productName = earnitUITests;
			productReference = C306BCF82E34AD23008F4F99 /* earnitUITests.xctest */;
			productType = "com.apple.product-type.bundle.ui-testing";
		};
		C306BD0E2E34AD24008F4F99 /* DeviceActivityMonitorExtension */ = {
			isa = PBXNativeTarget;
			buildConfigurationList = C306BD132E34AD24008F4F99 /* Build configuration list for PBXNativeTarget "DeviceActivityMonitorExtension" */;
			buildPhases = (
				C306BD0B2E34AD24008F4F99 /* Sources */,
				C306BD0C2E34AD24008F4F99 /* Frameworks */,
				C306BD0D2E34AD24008F4F99 /* Resources */,
			);
			buildRules = (
			);
			dependencies = (
			);
			fileSystemSynchronizedGroups = (
				C306BD122E34AD24008F4F99 /* DeviceActivityMonitorExtension */,
			);
			name = DeviceActivityMonitorExtension;
			packageProductDependencies = (
			);
			productName = DeviceActivityMonitorExtension;
			productReference = C306BD0F2E34AD24008F4F99 /* DeviceActivityMonitorExtension.appex */;
			productType = "com.apple.product-type.app-extension";
		};
/* End PBXNativeTarget section */

/* Begin PBXProject section */
		C306BCD92E34AD1F008F4F99 /* Project object */ = {
			isa = PBXProject;
			attributes = {
				BuildIndependentTargetsInParallel = 1;
				KnownAssetTags = (
					New,
				);
				LastSwiftUpdateCheck = 1640;
				LastUpgradeCheck = 1640;
				TargetAttributes = {
					C306BCE02E34AD1F008F4F99 = {
						CreatedOnToolsVersion = 16.4;
					};
					C306BCED2E34AD23008F4F99 = {
						CreatedOnToolsVersion = 16.4;
						TestTargetID = C306BCE02E34AD1F008F4F99;
					};
					C306BCF72E34AD23008F4F99 = {
						CreatedOnToolsVersion = 16.4;
						TestTargetID = C306BCE02E34AD1F008F4F99;
					};
					C306BD0E2E34AD24008F4F99 = {
						CreatedOnToolsVersion = 16.4;
					};
				};
			};
			buildConfigurationList = C306BCDC2E34AD1F008F4F99 /* Build configuration list for PBXProject "earnit" */;
			developmentRegion = en;
			hasScannedForEncodings = 0;
			knownRegions = (
				en,
				Base,
			);
			mainGroup = C306BCD82E34AD1F008F4F99;
			minimizedProjectReferenceProxies = 1;
			preferredProjectObjectVersion = 77;
			productRefGroup = C306BCE22E34AD1F008F4F99 /* Products */;
			projectDirPath = "";
			projectRoot = "";
			targets = (
				C306BCE02E34AD1F008F4F99 /* earnit */,
				C306BD0E2E34AD24008F4F99 /* DeviceActivityMonitorExtension */,
				C306BCED2E34AD23008F4F99 /* earnitTests */,
				C306BCF72E34AD23008F4F99 /* earnitUITests */,
			);
		};
/* End PBXProject section */

/* Begin PBXResourcesBuildPhase section */
		C306BCDF2E34AD1F008F4F99 /* Resources */ = {
			isa = PBXResourcesBuildPhase;
			buildActionMask = 2147483647;
			files = (
			);
			runOnlyForDeploymentPostprocessing = 0;
		};
		C306BCEC2E34AD23008F4F99 /* Resources */ = {
			isa = PBXResourcesBuildPhase;
			buildActionMask = 2147483647;
			files = (
			);
			runOnlyForDeploymentPostprocessing = 0;
		};
		C306BCF62E34AD23008F4F99 /* Resources */ = {
			isa = PBXResourcesBuildPhase;
			buildActionMask = 2147483647;
			files = (
			);
			runOnlyForDeploymentPostprocessing = 0;
		};
		C306BD0D2E34AD24008F4F99 /* Resources */ = {
			isa = PBXResourcesBuildPhase;
			buildActionMask = 2147483647;
			files = (
			);
			runOnlyForDeploymentPostprocessing = 0;
		};
/* End PBXResourcesBuildPhase section */

/* Begin PBXSourcesBuildPhase section */
		C306BCDD2E34AD1F008F4F99 /* Sources */ = {
			isa = PBXSourcesBuildPhase;
			buildActionMask = 2147483647;
			files = (
			);
			runOnlyForDeploymentPostprocessing = 0;
		};
		C306BCEA2E34AD23008F4F99 /* Sources */ = {
			isa = PBXSourcesBuildPhase;
			buildActionMask = 2147483647;
			files = (
			);
			runOnlyForDeploymentPostprocessing = 0;
		};
		C306BCF42E34AD23008F4F99 /* Sources */ = {
			isa = PBXSourcesBuildPhase;
			buildActionMask = 2147483647;
			files = (
			);
			runOnlyForDeploymentPostprocessing = 0;
		};
		C306BD0B2E34AD24008F4F99 /* Sources */ = {
			isa = PBXSourcesBuildPhase;
			buildActionMask = 2147483647;
			files = (
			);
			runOnlyForDeploymentPostprocessing = 0;
		};
/* End PBXSourcesBuildPhase section */

/* Begin PBXTargetDependency section */
		C306BCF02E34AD23008F4F99 /* PBXTargetDependency */ = {
			isa = PBXTargetDependency;
			target = C306BCE02E34AD1F008F4F99 /* earnit */;
			targetProxy = C306BCEF2E34AD23008F4F99 /* PBXContainerItemProxy */;
		};
		C306BCFA2E34AD23008F4F99 /* PBXTargetDependency */ = {
			isa = PBXTargetDependency;
			target = C306BCE02E34AD1F008F4F99 /* earnit */;
			targetProxy = C306BCF92E34AD23008F4F99 /* PBXContainerItemProxy */;
		};
		C306BD112E34AD24008F4F99 /* PBXTargetDependency */ = {
			isa = PBXTargetDependency;
			target = C306BD0E2E34AD24008F4F99 /* DeviceActivityMonitorExtension */;
			targetProxy = C306BD102E34AD24008F4F99 /* PBXContainerItemProxy */;
		};
/* End PBXTargetDependency section */

/* Begin XCBuildConfiguration section */
		C306BD002E34AD23008F4F99 /* Debug */ = {
			isa = XCBuildConfiguration;
			buildSettings = {
				ALWAYS_SEARCH_USER_PATHS = NO;
				ASSETCATALOG_COMPILER_GENERATE_SWIFT_ASSET_SYMBOL_EXTENSIONS = YES;
				CLANG_ANALYZER_NONNULL = YES;
				CLANG_ANALYZER_NUMBER_OBJECT_CONVERSION = YES_AGGRESSIVE;
				CLANG_CXX_LANGUAGE_STANDARD = "gnu++20";
				CLANG_ENABLE_MODULES = YES;
				CLANG_ENABLE_OBJC_ARC = YES;
				CLANG_ENABLE_OBJC_WEAK = YES;
				CLANG_WARN_BLOCK_CAPTURE_AUTORELEASING = YES;
				CLANG_WARN_BOOL_CONVERSION = YES;
				CLANG_WARN_COMMA = YES;
				CLANG_WARN_CONSTANT_CONVERSION = YES;
				CLANG_WARN_DEPRECATED_OBJC_IMPLEMENTATIONS = YES;
				CLANG_WARN_DIRECT_OBJC_ISA_USAGE = YES_ERROR;
				CLANG_WARN_DOCUMENTATION_COMMENTS = YES;
				CLANG_WARN_EMPTY_BODY = YES;
				CLANG_WARN_ENUM_CONVERSION = YES;
				CLANG_WARN_INFINITE_RECURSION = YES;
				CLANG_WARN_INT_CONVERSION = YES;
				CLANG_WARN_NON_LITERAL_NULL_CONVERSION = YES;
				CLANG_WARN_OBJC_IMPLICIT_RETAIN_SELF = YES;
				CLANG_WARN_OBJC_LITERAL_CONVERSION = YES;
				CLANG_WARN_OBJC_ROOT_CLASS = YES_ERROR;
				CLANG_WARN_QUOTED_INCLUDE_IN_FRAMEWORK_HEADER = YES;
				CLANG_WARN_RANGE_LOOP_ANALYSIS = YES;
				CLANG_WARN_STRICT_PROTOTYPES = YES;
				CLANG_WARN_SUSPICIOUS_MOVE = YES;
				CLANG_WARN_UNGUARDED_AVAILABILITY = YES_AGGRESSIVE;
				CLANG_WARN_UNREACHABLE_CODE = YES;
				CLANG_WARN__DUPLICATE_METHOD_MATCH = YES;
				COPY_PHASE_STRIP = NO;
				DEBUG_INFORMATION_FORMAT = dwarf;
				ENABLE_STRICT_OBJC_MSGSEND = YES;
				ENABLE_TESTABILITY = YES;
				ENABLE_USER_SCRIPT_SANDBOXING = YES;
				GCC_C_LANGUAGE_STANDARD = gnu17;
				GCC_DYNAMIC_NO_PIC = NO;
				GCC_NO_COMMON_BLOCKS = YES;
				GCC_OPTIMIZATION_LEVEL = 0;
				GCC_PREPROCESSOR_DEFINITIONS = (
					"DEBUG=1",
					"$(inherited)",
				);
				GCC_WARN_64_TO_32_BIT_CONVERSION = YES;
				GCC_WARN_ABOUT_RETURN_TYPE = YES_ERROR;
				GCC_WARN_UNDECLARED_SELECTOR = YES;
				GCC_WARN_UNINITIALIZED_AUTOS = YES_AGGRESSIVE;
				GCC_WARN_UNUSED_FUNCTION = YES;
				GCC_WARN_UNUSED_VARIABLE = YES;
				IPHONEOS_DEPLOYMENT_TARGET = 18.5;
				LOCALIZATION_PREFERS_STRING_CATALOGS = YES;
				MTL_ENABLE_DEBUG_INFO = INCLUDE_SOURCE;
				MTL_FAST_MATH = YES;
				ONLY_ACTIVE_ARCH = YES;
				SDKROOT = iphoneos;
				SWIFT_ACTIVE_COMPILATION_CONDITIONS = "DEBUG $(inherited)";
				SWIFT_OPTIMIZATION_LEVEL = "-Onone";
			};
			name = Debug;
		};
		C306BD012E34AD23008F4F99 /* Release */ = {
			isa = XCBuildConfiguration;
			buildSettings = {
				ALWAYS_SEARCH_USER_PATHS = NO;
				ASSETCATALOG_COMPILER_GENERATE_SWIFT_ASSET_SYMBOL_EXTENSIONS = YES;
				CLANG_ANALYZER_NONNULL = YES;
				CLANG_ANALYZER_NUMBER_OBJECT_CONVERSION = YES_AGGRESSIVE;
				CLANG_CXX_LANGUAGE_STANDARD = "gnu++20";
				CLANG_ENABLE_MODULES = YES;
				CLANG_ENABLE_OBJC_ARC = YES;
				CLANG_ENABLE_OBJC_WEAK = YES;
				CLANG_WARN_BLOCK_CAPTURE_AUTORELEASING = YES;
				CLANG_WARN_BOOL_CONVERSION = YES;
				CLANG_WARN_COMMA = YES;
				CLANG_WARN_CONSTANT_CONVERSION = YES;
				CLANG_WARN_DEPRECATED_OBJC_IMPLEMENTATIONS = YES;
				CLANG_WARN_DIRECT_OBJC_ISA_USAGE = YES_ERROR;
				CLANG_WARN_DOCUMENTATION_COMMENTS = YES;
				CLANG_WARN_EMPTY_BODY = YES;
				CLANG_WARN_ENUM_CONVERSION = YES;
				CLANG_WARN_INFINITE_RECURSION = YES;
				CLANG_WARN_INT_CONVERSION = YES;
				CLANG_WARN_NON_LITERAL_NULL_CONVERSION = YES;
				CLANG_WARN_OBJC_IMPLICIT_RETAIN_SELF = YES;
				CLANG_WARN_OBJC_LITERAL_CONVERSION = YES;
				CLANG_WARN_OBJC_ROOT_CLASS = YES_ERROR;
				CLANG_WARN_QUOTED_INCLUDE_IN_FRAMEWORK_HEADER = YES;
				CLANG_WARN_RANGE_LOOP_ANALYSIS = YES;
				CLANG_WARN_STRICT_PROTOTYPES = YES;
				CLANG_WARN_SUSPICIOUS_MOVE = YES;
				CLANG_WARN_UNGUARDED_AVAILABILITY = YES_AGGRESSIVE;
				CLANG_WARN_UNREACHABLE_CODE = YES;
				CLANG_WARN__DUPLICATE_METHOD_MATCH = YES;
				COPY_PHASE_STRIP = NO;
				DEBUG_INFORMATION_FORMAT = "dwarf-with-dsym";
				ENABLE_NS_ASSERTIONS = NO;
				ENABLE_STRICT_OBJC_MSGSEND = YES;
				ENABLE_USER_SCRIPT_SANDBOXING = YES;
				GCC_C_LANGUAGE_STANDARD = gnu17;
				GCC_NO_COMMON_BLOCKS = YES;
				GCC_WARN_64_TO_32_BIT_CONVERSION = YES;
				GCC_WARN_ABOUT_RETURN_TYPE = YES_ERROR;
				GCC_WARN_UNDECLARED_SELECTOR = YES;
				GCC_WARN_UNINITIALIZED_AUTOS = YES_AGGRESSIVE;
				GCC_WARN_UNUSED_FUNCTION = YES;
				GCC_WARN_UNUSED_VARIABLE = YES;
				IPHONEOS_DEPLOYMENT_TARGET = 18.5;
				LOCALIZATION_PREFERS_STRING_CATALOGS = YES;
				MTL_ENABLE_DEBUG_INFO = NO;
				MTL_FAST_MATH = YES;
				SDKROOT = iphoneos;
				SWIFT_COMPILATION_MODE = wholemodule;
				VALIDATE_PRODUCT = YES;
			};
			name = Release;
		};
		C306BD032E34AD23008F4F99 /* Debug */ = {
			isa = XCBuildConfiguration;
			buildSettings = {
				ASSETCATALOG_COMPILER_APPICON_NAME = AppIcon;
				ASSETCATALOG_COMPILER_GLOBAL_ACCENT_COLOR_NAME = AccentColor;
				CODE_SIGN_ENTITLEMENTS = earnit/earnit.entitlements;
				CODE_SIGN_STYLE = Automatic;
				CURRENT_PROJECT_VERSION = 1;
				DEVELOPMENT_TEAM = 7383K42QH4;
				ENABLE_PREVIEWS = YES;
				GENERATE_INFOPLIST_FILE = YES;
				INFOPLIST_KEY_UIApplicationSceneManifest_Generation = YES;
				INFOPLIST_KEY_UIApplicationSupportsIndirectInputEvents = YES;
				INFOPLIST_KEY_UILaunchScreen_Generation = YES;
				INFOPLIST_KEY_UISupportedInterfaceOrientations_iPad = "UIInterfaceOrientationPortrait UIInterfaceOrientationPortraitUpsideDown UIInterfaceOrientationLandscapeLeft UIInterfaceOrientationLandscapeRight";
				INFOPLIST_KEY_UISupportedInterfaceOrientations_iPhone = "UIInterfaceOrientationPortrait UIInterfaceOrientationLandscapeLeft UIInterfaceOrientationLandscapeRight";
				LD_RUNPATH_SEARCH_PATHS = (
					"$(inherited)",
					"@executable_path/Frameworks",
				);
				MARKETING_VERSION = 1.0;
				PRODUCT_BUNDLE_IDENTIFIER = com.asad.earnit;
				PRODUCT_NAME = "$(TARGET_NAME)";
				SWIFT_EMIT_LOC_STRINGS = YES;
				SWIFT_VERSION = 5.0;
				TARGETED_DEVICE_FAMILY = "1,2";
			};
			name = Debug;
		};
		C306BD042E34AD23008F4F99 /* Release */ = {
			isa = XCBuildConfiguration;
			buildSettings = {
				ASSETCATALOG_COMPILER_APPICON_NAME = AppIcon;
				ASSETCATALOG_COMPILER_GLOBAL_ACCENT_COLOR_NAME = AccentColor;
				CODE_SIGN_ENTITLEMENTS = earnit/earnit.entitlements;
				CODE_SIGN_STYLE = Automatic;
				CURRENT_PROJECT_VERSION = 1;
				DEVELOPMENT_TEAM = 7383K42QH4;
				ENABLE_PREVIEWS = YES;
				GENERATE_INFOPLIST_FILE = YES;
				INFOPLIST_KEY_UIApplicationSceneManifest_Generation = YES;
				INFOPLIST_KEY_UIApplicationSupportsIndirectInputEvents = YES;
				INFOPLIST_KEY_UILaunchScreen_Generation = YES;
				INFOPLIST_KEY_UISupportedInterfaceOrientations_iPad = "UIInterfaceOrientationPortrait UIInterfaceOrientationPortraitUpsideDown UIInterfaceOrientationLandscapeLeft UIInterfaceOrientationLandscapeRight";
				INFOPLIST_KEY_UISupportedInterfaceOrientations_iPhone = "UIInterfaceOrientationPortrait UIInterfaceOrientationLandscapeLeft UIInterfaceOrientationLandscapeRight";
				LD_RUNPATH_SEARCH_PATHS = (
					"$(inherited)",
					"@executable_path/Frameworks",
				);
				MARKETING_VERSION = 1.0;
				PRODUCT_BUNDLE_IDENTIFIER = com.asad.earnit;
				PRODUCT_NAME = "$(TARGET_NAME)";
				SWIFT_EMIT_LOC_STRINGS = YES;
				SWIFT_VERSION = 5.0;
				TARGETED_DEVICE_FAMILY = "1,2";
			};
			name = Release;
		};
		C306BD062E34AD23008F4F99 /* Debug */ = {
			isa = XCBuildConfiguration;
			buildSettings = {
				BUNDLE_LOADER = "$(TEST_HOST)";
				CODE_SIGN_STYLE = Automatic;
				CURRENT_PROJECT_VERSION = 1;
				GENERATE_INFOPLIST_FILE = YES;
				IPHONEOS_DEPLOYMENT_TARGET = 18.5;
				MARKETING_VERSION = 1.0;
				PRODUCT_BUNDLE_IDENTIFIER = com.asad.earnitTests;
				PRODUCT_NAME = "$(TARGET_NAME)";
				SWIFT_EMIT_LOC_STRINGS = NO;
				SWIFT_VERSION = 5.0;
				TARGETED_DEVICE_FAMILY = "1,2";
				TEST_HOST = "$(BUILT_PRODUCTS_DIR)/earnit.app/$(BUNDLE_EXECUTABLE_FOLDER_PATH)/earnit";
			};
			name = Debug;
		};
		C306BD072E34AD23008F4F99 /* Release */ = {
			isa = XCBuildConfiguration;
			buildSettings = {
				BUNDLE_LOADER = "$(TEST_HOST)";
				CODE_SIGN_STYLE = Automatic;
				CURRENT_PROJECT_VERSION = 1;
				GENERATE_INFOPLIST_FILE = YES;
				IPHONEOS_DEPLOYMENT_TARGET = 18.5;
				MARKETING_VERSION = 1.0;
				PRODUCT_BUNDLE_IDENTIFIER = com.asad.earnitTests;
				PRODUCT_NAME = "$(TARGET_NAME)";
				SWIFT_EMIT_LOC_STRINGS = NO;
				SWIFT_VERSION = 5.0;
				TARGETED_DEVICE_FAMILY = "1,2";
				TEST_HOST = "$(BUILT_PRODUCTS_DIR)/earnit.app/$(BUNDLE_EXECUTABLE_FOLDER_PATH)/earnit";
			};
			name = Release;
		};
		C306BD092E34AD23008F4F99 /* Debug */ = {
			isa = XCBuildConfiguration;
			buildSettings = {
				CODE_SIGN_STYLE = Automatic;
				CURRENT_PROJECT_VERSION = 1;
				GENERATE_INFOPLIST_FILE = YES;
				MARKETING_VERSION = 1.0;
				PRODUCT_BUNDLE_IDENTIFIER = com.asad.earnitUITests;
				PRODUCT_NAME = "$(TARGET_NAME)";
				SWIFT_EMIT_LOC_STRINGS = NO;
				SWIFT_VERSION = 5.0;
				TARGETED_DEVICE_FAMILY = "1,2";
				TEST_TARGET_NAME = earnit;
			};
			name = Debug;
		};
		C306BD0A2E34AD23008F4F99 /* Release */ = {
			isa = XCBuildConfiguration;
			buildSettings = {
				CODE_SIGN_STYLE = Automatic;
				CURRENT_PROJECT_VERSION = 1;
				GENERATE_INFOPLIST_FILE = YES;
				MARKETING_VERSION = 1.0;
				PRODUCT_BUNDLE_IDENTIFIER = com.asad.earnitUITests;
				PRODUCT_NAME = "$(TARGET_NAME)";
				SWIFT_EMIT_LOC_STRINGS = NO;
				SWIFT_VERSION = 5.0;
				TARGETED_DEVICE_FAMILY = "1,2";
				TEST_TARGET_NAME = earnit;
			};
			name = Release;
		};
		C306BD142E34AD24008F4F99 /* Debug */ = {
			isa = XCBuildConfiguration;
			buildSettings = {
				CODE_SIGN_ENTITLEMENTS = DeviceActivityMonitorExtension/DeviceActivityMonitorExtension.entitlements;
				CODE_SIGN_STYLE = Automatic;
				CURRENT_PROJECT_VERSION = 1;
				DEVELOPMENT_TEAM = 7383K42QH4;
				GENERATE_INFOPLIST_FILE = YES;
				INFOPLIST_FILE = DeviceActivityMonitorExtension/Info.plist;
				INFOPLIST_KEY_CFBundleDisplayName = DeviceActivityMonitorExtension;
				INFOPLIST_KEY_NSHumanReadableCopyright = "";
				IPHONEOS_DEPLOYMENT_TARGET = 15.0;
				LD_RUNPATH_SEARCH_PATHS = (
					"$(inherited)",
					"@executable_path/Frameworks",
					"@executable_path/../../Frameworks",
				);
				MARKETING_VERSION = 1.0;
				PRODUCT_BUNDLE_IDENTIFIER = com.earnit.app.deviceactivity;
				PRODUCT_NAME = "$(TARGET_NAME)";
				SKIP_INSTALL = YES;
				SWIFT_EMIT_LOC_STRINGS = YES;
				SWIFT_VERSION = 5.0;
				TARGETED_DEVICE_FAMILY = "1,2";
			};
			name = Debug;
		};
		C306BD152E34AD24008F4F99 /* Release */ = {
			isa = XCBuildConfiguration;
			buildSettings = {
				CODE_SIGN_ENTITLEMENTS = DeviceActivityMonitorExtension/DeviceActivityMonitorExtension.entitlements;
				CODE_SIGN_STYLE = Automatic;
				CURRENT_PROJECT_VERSION = 1;
				DEVELOPMENT_TEAM = 7383K42QH4;
				GENERATE_INFOPLIST_FILE = YES;
				INFOPLIST_FILE = DeviceActivityMonitorExtension/Info.plist;
				INFOPLIST_KEY_CFBundleDisplayName = DeviceActivityMonitorExtension;
				INFOPLIST_KEY_NSHumanReadableCopyright = "";
				IPHONEOS_DEPLOYMENT_TARGET = 15.0;
				LD_RUNPATH_SEARCH_PATHS = (
					"$(inherited)",
					"@executable_path/Frameworks",
					"@executable_path/../../Frameworks",
				);
				MARKETING_VERSION = 1.0;
				PRODUCT_BUNDLE_IDENTIFIER = com.earnit.app.deviceactivity;
				PRODUCT_NAME = "$(TARGET_NAME)";
				SKIP_INSTALL = YES;
				SWIFT_EMIT_LOC_STRINGS = YES;
				SWIFT_VERSION = 5.0;
				TARGETED_DEVICE_FAMILY = "1,2";
			};
			name = Release;
		};
/* End XCBuildConfiguration section */

/* Begin XCConfigurationList section */
		C306BCDC2E34AD1F008F4F99 /* Build configuration list for PBXProject "earnit" */ = {
			isa = XCConfigurationList;
			buildConfigurations = (
				C306BD002E34AD23008F4F99 /* Debug */,
				C306BD012E34AD23008F4F99 /* Release */,
			);
			defaultConfigurationIsVisible = 0;
			defaultConfigurationName = Release;
		};
		C306BD022E34AD23008F4F99 /* Build configuration list for PBXNativeTarget "earnit" */ = {
			isa = XCConfigurationList;
			buildConfigurations = (
				C306BD032E34AD23008F4F99 /* Debug */,
				C306BD042E34AD23008F4F99 /* Release */,
			);
			defaultConfigurationIsVisible = 0;
			defaultConfigurationName = Release;
		};
		C306BD052E34AD23008F4F99 /* Build configuration list for PBXNativeTarget "earnitTests" */ = {
			isa = XCConfigurationList;
			buildConfigurations = (
				C306BD062E34AD23008F4F99 /* Debug */,
				C306BD072E34AD23008F4F99 /* Release */,
			);
			defaultConfigurationIsVisible = 0;
			defaultConfigurationName = Release;
		};
		C306BD082E34AD23008F4F99 /* Build configuration list for PBXNativeTarget "earnitUITests" */ = {
			isa = XCConfigurationList;
			buildConfigurations = (
				C306BD092E34AD23008F4F99 /* Debug */,
				C306BD0A2E34AD23008F4F99 /* Release */,
			);
			defaultConfigurationIsVisible = 0;
			defaultConfigurationName = Release;
		};
		C306BD132E34AD24008F4F99 /* Build configuration list for PBXNativeTarget "DeviceActivityMonitorExtension" */ = {
			isa = XCConfigurationList;
			buildConfigurations = (
				C306BD142E34AD24008F4F99 /* Debug */,
				C306BD152E34AD24008F4F99 /* Release */,
			);
			defaultConfigurationIsVisible = 0;
			defaultConfigurationName = Release;
		};
/* End XCConfigurationList section */
	};
	rootObject = C306BCD92E34AD1F008F4F99 /* Project object */;
}
